
Microsoft Visual Studio Solution File, Format Version 12.00
# Visual Studio Version 17
VisualStudioVersion = 17.7.34031.279
MinimumVisualStudioVersion = 10.0.40219.1
Project("{FAE04EC0-301F-11D3-BF4B-00C04F79EFBC}") = "Encrypt,SortAndPrintArray", "Encrypt,SortAndPrintArray\Encrypt,SortAndPrintArray.csproj", "{3ADFE544-D78C-4B9B-B688-2A44B61F9A3E}"
EndProject
Project("{FAE04EC0-301F-11D3-BF4B-00C04F79EFBC}") = "PascalTriangle", "PascalTriangle\PascalTriangle.csproj", "{2AE5E2C5-71A0-430B-A2E8-B84009418E08}"
EndProject
Project("{FAE04EC0-301F-11D3-BF4B-00C04F79EFBC}") = "RecursiveFibonacci", "RecursiveFibonacci\RecursiveFibonacci.csproj", "{F65440D9-19DF-4767-B225-937D071429E5}"
EndProject
Project("{FAE04EC0-301F-11D3-BF4B-00C04F79EFBC}") = "FoldAndSum", "FoldAndSum\FoldAndSum.csproj", "{93945504-9009-416D-BD90-D5BAA26F58EA}"
EndProject
Project("{FAE04EC0-301F-11D3-BF4B-00C04F79EFBC}") = "LongestIncreasingSubsequence", "LongestIncreasingSubsequence\LongestIncreasingSubsequence.csproj", "{B77CAD49-8419-4D1C-B416-759C165FD16E}"
EndProject
Global
	GlobalSection(SolutionConfigurationPlatforms) = preSolution
		Debug|Any CPU = Debug|Any CPU
		Release|Any CPU = Release|Any CPU
	EndGlobalSection
	GlobalSection(ProjectConfigurationPlatforms) = postSolution
		{3ADFE544-D78C-4B9B-B688-2A44B61F9A3E}.Debug|Any CPU.ActiveCfg = Debug|Any CPU
		{3ADFE544-D78C-4B9B-B688-2A44B61F9A3E}.Debug|Any CPU.Build.0 = Debug|Any CPU
		{3ADFE544-D78C-4B9B-B688-2A44B61F9A3E}.Release|Any CPU.ActiveCfg = Release|Any CPU
		{3ADFE544-D78C-4B9B-B688-2A44B61F9A3E}.Release|Any CPU.Build.0 = Release|Any CPU
		{2AE5E2C5-71A0-430B-A2E8-B84009418E08}.Debug|Any CPU.ActiveCfg = Debug|Any CPU
		{2AE5E2C5-71A0-430B-A2E8-B84009418E08}.Debug|Any CPU.Build.0 = Debug|Any CPU
		{2AE5E2C5-71A0-430B-A2E8-B84009418E08}.Release|Any CPU.ActiveCfg = Release|Any CPU
		{2AE5E2C5-71A0-430B-A2E8-B84009418E08}.Release|Any CPU.Build.0 = Release|Any CPU
		{F65440D9-19DF-4767-B225-937D071429E5}.Debug|Any CPU.ActiveCfg = Debug|Any CPU
		{F65440D9-19DF-4767-B225-937D071429E5}.Debug|Any CPU.Build.0 = Debug|Any CPU
		{F65440D9-19DF-4767-B225-937D071429E5}.Release|Any CPU.ActiveCfg = Release|Any CPU
		{F65440D9-19DF-4767-B225-937D071429E5}.Release|Any CPU.Build.0 = Release|Any CPU
		{93945504-9009-416D-BD90-D5BAA26F58EA}.Debug|Any CPU.ActiveCfg = Debug|Any CPU
		{93945504-9009-416D-BD90-D5BAA26F58EA}.Debug|Any CPU.Build.0 = Debug|Any CPU
		{93945504-9009-416D-BD90-D5BAA26F58EA}.Release|Any CPU.ActiveCfg = Release|Any CPU
		{93945504-9009-416D-BD90-D5BAA26F58EA}.Release|Any CPU.Build.0 = Release|Any CPU
		{B77CAD49-8419-4D1C-B416-759C165FD16E}.Debug|Any CPU.ActiveCfg = Debug|Any CPU
		{B77CAD49-8419-4D1C-B416-759C165FD16E}.Debug|Any CPU.Build.0 = Debug|Any CPU
		{B77CAD49-8419-4D1C-B416-759C165FD16E}.Release|Any CPU.ActiveCfg = Release|Any CPU
		{B77CAD49-8419-4D1C-B416-759C165FD16E}.Release|Any CPU.Build.0 = Release|Any CPU
	EndGlobalSection
	GlobalSection(SolutionProperties) = preSolution
		HideSolutionNode = FALSE
	EndGlobalSection
	GlobalSection(ExtensibilityGlobals) = postSolution
		SolutionGuid = {770F9EA9-9BFE-4450-BB42-B4B7A2B1255D}
	EndGlobalSection
EndGlobal
