
Microsoft Visual Studio Solution File, Format Version 12.00
# Visual Studio Version 17
VisualStudioVersion = 17.7.34031.279
MinimumVisualStudioVersion = 10.0.40219.1
Project("{9A19103F-16F7-4668-BE54-9A1E7A4F7556}") = "Train", "Train\Train.csproj", "{20B943C8-160F-4DF1-A6F3-EFF81C7A0986}"
EndProject
Project("{FAE04EC0-301F-11D3-BF4B-00C04F79EFBC}") = "CommonElements", "CommonElements\CommonElements.csproj", "{4053881B-263C-42DB-BB2B-4122905BDDEE}"
EndProject
Project("{FAE04EC0-301F-11D3-BF4B-00C04F79EFBC}") = "Zig-ZagArrays", "Zig-ZagArrays\Zig-ZagArrays.csproj", "{F347B634-42E9-4140-8A22-2469A3EA6E5F}"
EndProject
Global
	GlobalSection(SolutionConfigurationPlatforms) = preSolution
		Debug|Any CPU = Debug|Any CPU
		Release|Any CPU = Release|Any CPU
	EndGlobalSection
	GlobalSection(ProjectConfigurationPlatforms) = postSolution
		{20B943C8-160F-4DF1-A6F3-EFF81C7A0986}.Debug|Any CPU.ActiveCfg = Debug|Any CPU
		{20B943C8-160F-4DF1-A6F3-EFF81C7A0986}.Debug|Any CPU.Build.0 = Debug|Any CPU
		{20B943C8-160F-4DF1-A6F3-EFF81C7A0986}.Release|Any CPU.ActiveCfg = Release|Any CPU
		{20B943C8-160F-4DF1-A6F3-EFF81C7A0986}.Release|Any CPU.Build.0 = Release|Any CPU
		{4053881B-263C-42DB-BB2B-4122905BDDEE}.Debug|Any CPU.ActiveCfg = Debug|Any CPU
		{4053881B-263C-42DB-BB2B-4122905BDDEE}.Debug|Any CPU.Build.0 = Debug|Any CPU
		{4053881B-263C-42DB-BB2B-4122905BDDEE}.Release|Any CPU.ActiveCfg = Release|Any CPU
		{4053881B-263C-42DB-BB2B-4122905BDDEE}.Release|Any CPU.Build.0 = Release|Any CPU
		{F347B634-42E9-4140-8A22-2469A3EA6E5F}.Debug|Any CPU.ActiveCfg = Debug|Any CPU
		{F347B634-42E9-4140-8A22-2469A3EA6E5F}.Debug|Any CPU.Build.0 = Debug|Any CPU
		{F347B634-42E9-4140-8A22-2469A3EA6E5F}.Release|Any CPU.ActiveCfg = Release|Any CPU
		{F347B634-42E9-4140-8A22-2469A3EA6E5F}.Release|Any CPU.Build.0 = Release|Any CPU
	EndGlobalSection
	GlobalSection(SolutionProperties) = preSolution
		HideSolutionNode = FALSE
	EndGlobalSection
	GlobalSection(ExtensibilityGlobals) = postSolution
		SolutionGuid = {2C4F3D86-A3D1-49AB-A933-877D1F25C3D5}
	EndGlobalSection
EndGlobal
