
Microsoft Visual Studio Solution File, Format Version 12.00
# Visual Studio Version 17
VisualStudioVersion = 17.7.34031.279
MinimumVisualStudioVersion = 10.0.40219.1
Project("{FAE04EC0-301F-11D3-BF4B-00C04F79EFBC}") = "Messaging", "Messaging\Messaging.csproj", "{595389EC-B5CE-4CDA-B8B4-F7F174D9CCCA}"
EndProject
Project("{FAE04EC0-301F-11D3-BF4B-00C04F79EFBC}") = "CarRace", "CarRace\CarRace.csproj", "{9A39A1DE-A642-44A5-89BD-95A89B8EDE8B}"
EndProject
Global
	GlobalSection(SolutionConfigurationPlatforms) = preSolution
		Debug|Any CPU = Debug|Any CPU
		Release|Any CPU = Release|Any CPU
	EndGlobalSection
	GlobalSection(ProjectConfigurationPlatforms) = postSolution
		{595389EC-B5CE-4CDA-B8B4-F7F174D9CCCA}.Debug|Any CPU.ActiveCfg = Debug|Any CPU
		{595389EC-B5CE-4CDA-B8B4-F7F174D9CCCA}.Debug|Any CPU.Build.0 = Debug|Any CPU
		{595389EC-B5CE-4CDA-B8B4-F7F174D9CCCA}.Release|Any CPU.ActiveCfg = Release|Any CPU
		{595389EC-B5CE-4CDA-B8B4-F7F174D9CCCA}.Release|Any CPU.Build.0 = Release|Any CPU
		{9A39A1DE-A642-44A5-89BD-95A89B8EDE8B}.Debug|Any CPU.ActiveCfg = Debug|Any CPU
		{9A39A1DE-A642-44A5-89BD-95A89B8EDE8B}.Debug|Any CPU.Build.0 = Debug|Any CPU
		{9A39A1DE-A642-44A5-89BD-95A89B8EDE8B}.Release|Any CPU.ActiveCfg = Release|Any CPU
		{9A39A1DE-A642-44A5-89BD-95A89B8EDE8B}.Release|Any CPU.Build.0 = Release|Any CPU
	EndGlobalSection
	GlobalSection(SolutionProperties) = preSolution
		HideSolutionNode = FALSE
	EndGlobalSection
	GlobalSection(ExtensibilityGlobals) = postSolution
		SolutionGuid = {7D6FC8F5-E021-48FD-99B1-E92A38566F93}
	EndGlobalSection
EndGlobal
