
Microsoft Visual Studio Solution File, Format Version 12.00
# Visual Studio Version 17
VisualStudioVersion = 17.8.34316.72
MinimumVisualStudioVersion = 10.0.40219.1
Project("{FAE04EC0-301F-11D3-BF4B-00C04F79EFBC}") = "Ranking", "Ranking\Ranking.csproj", "{FA4F668E-40F8-46B6-A7F4-437D7FD0C0B9}"
EndProject
Project("{FAE04EC0-301F-11D3-BF4B-00C04F79EFBC}") = "Judge", "Judge\Judge.csproj", "{DD325E1A-63DC-4E30-9992-FDB44E956D60}"
EndProject
Global
	GlobalSection(SolutionConfigurationPlatforms) = preSolution
		Debug|Any CPU = Debug|Any CPU
		Release|Any CPU = Release|Any CPU
	EndGlobalSection
	GlobalSection(ProjectConfigurationPlatforms) = postSolution
		{FA4F668E-40F8-46B6-A7F4-437D7FD0C0B9}.Debug|Any CPU.ActiveCfg = Debug|Any CPU
		{FA4F668E-40F8-46B6-A7F4-437D7FD0C0B9}.Debug|Any CPU.Build.0 = Debug|Any CPU
		{FA4F668E-40F8-46B6-A7F4-437D7FD0C0B9}.Release|Any CPU.ActiveCfg = Release|Any CPU
		{FA4F668E-40F8-46B6-A7F4-437D7FD0C0B9}.Release|Any CPU.Build.0 = Release|Any CPU
		{DD325E1A-63DC-4E30-9992-FDB44E956D60}.Debug|Any CPU.ActiveCfg = Debug|Any CPU
		{DD325E1A-63DC-4E30-9992-FDB44E956D60}.Debug|Any CPU.Build.0 = Debug|Any CPU
		{DD325E1A-63DC-4E30-9992-FDB44E956D60}.Release|Any CPU.ActiveCfg = Release|Any CPU
		{DD325E1A-63DC-4E30-9992-FDB44E956D60}.Release|Any CPU.Build.0 = Release|Any CPU
	EndGlobalSection
	GlobalSection(SolutionProperties) = preSolution
		HideSolutionNode = FALSE
	EndGlobalSection
	GlobalSection(ExtensibilityGlobals) = postSolution
		SolutionGuid = {BB3C20A4-453A-412F-8BFE-FD1D6CAE3A9A}
	EndGlobalSection
EndGlobal
