
Microsoft Visual Studio Solution File, Format Version 12.00
# Visual Studio Version 17
VisualStudioVersion = 17.7.34031.279
MinimumVisualStudioVersion = 10.0.40219.1
Project("{FAE04EC0-301F-11D3-BF4B-00C04F79EFBC}") = "DataTypeFinder", "DataTypesAndVariables-MoreExercise\DataTypeFinder.csproj", "{B8A066E1-06F6-4B93-BA07-51F1CC2F2791}"
EndProject
Global
	GlobalSection(SolutionConfigurationPlatforms) = preSolution
		Debug|Any CPU = Debug|Any CPU
		Release|Any CPU = Release|Any CPU
	EndGlobalSection
	GlobalSection(ProjectConfigurationPlatforms) = postSolution
		{B8A066E1-06F6-4B93-BA07-51F1CC2F2791}.Debug|Any CPU.ActiveCfg = Debug|Any CPU
		{B8A066E1-06F6-4B93-BA07-51F1CC2F2791}.Debug|Any CPU.Build.0 = Debug|Any CPU
		{B8A066E1-06F6-4B93-BA07-51F1CC2F2791}.Release|Any CPU.ActiveCfg = Release|Any CPU
		{B8A066E1-06F6-4B93-BA07-51F1CC2F2791}.Release|Any CPU.Build.0 = Release|Any CPU
	EndGlobalSection
	GlobalSection(SolutionProperties) = preSolution
		HideSolutionNode = FALSE
	EndGlobalSection
	GlobalSection(ExtensibilityGlobals) = postSolution
		SolutionGuid = {AEB3C06C-5EFD-4A45-B9E5-D4B49FC004CE}
	EndGlobalSection
EndGlobal
