
Microsoft Visual Studio Solution File, Format Version 12.00
# Visual Studio Version 17
VisualStudioVersion = 17.7.34031.279
MinimumVisualStudioVersion = 10.0.40219.1
Project("{9A19103F-16F7-4668-BE54-9A1E7A4F7556}") = "Train", "Train\Train.csproj", "{467E7F57-FE5D-436B-A965-AF8E977A0250}"
EndProject
Project("{9A19103F-16F7-4668-BE54-9A1E7A4F7556}") = "ChangeList", "ChangeList\ChangeList.csproj", "{8A90F881-71BA-412E-8BBB-9E475AFD01D1}"
EndProject
Project("{9A19103F-16F7-4668-BE54-9A1E7A4F7556}") = "HouseParty", "HouseParty\HouseParty.csproj", "{3DAB19D9-08A5-44B2-82C4-1E2DB087AAC4}"
EndProject
Project("{FAE04EC0-301F-11D3-BF4B-00C04F79EFBC}") = "ListOperations", "ListOperations\ListOperations.csproj", "{536AEF11-D57C-497F-998C-98FDFAF62002}"
EndProject
Project("{FAE04EC0-301F-11D3-BF4B-00C04F79EFBC}") = "CardsGame", "CardsGame\CardsGame.csproj", "{EEA9D262-3868-44DD-B31B-7D578527F94C}"
EndProject
Project("{FAE04EC0-301F-11D3-BF4B-00C04F79EFBC}") = "AppendArrays", "AppendArrays\AppendArrays.csproj", "{46BE7F8F-D593-4ED5-BF14-D7932DBC928A}"
EndProject
Global
	GlobalSection(SolutionConfigurationPlatforms) = preSolution
		Debug|Any CPU = Debug|Any CPU
		Release|Any CPU = Release|Any CPU
	EndGlobalSection
	GlobalSection(ProjectConfigurationPlatforms) = postSolution
		{467E7F57-FE5D-436B-A965-AF8E977A0250}.Debug|Any CPU.ActiveCfg = Debug|Any CPU
		{467E7F57-FE5D-436B-A965-AF8E977A0250}.Debug|Any CPU.Build.0 = Debug|Any CPU
		{467E7F57-FE5D-436B-A965-AF8E977A0250}.Release|Any CPU.ActiveCfg = Release|Any CPU
		{467E7F57-FE5D-436B-A965-AF8E977A0250}.Release|Any CPU.Build.0 = Release|Any CPU
		{8A90F881-71BA-412E-8BBB-9E475AFD01D1}.Debug|Any CPU.ActiveCfg = Debug|Any CPU
		{8A90F881-71BA-412E-8BBB-9E475AFD01D1}.Debug|Any CPU.Build.0 = Debug|Any CPU
		{8A90F881-71BA-412E-8BBB-9E475AFD01D1}.Release|Any CPU.ActiveCfg = Release|Any CPU
		{8A90F881-71BA-412E-8BBB-9E475AFD01D1}.Release|Any CPU.Build.0 = Release|Any CPU
		{3DAB19D9-08A5-44B2-82C4-1E2DB087AAC4}.Debug|Any CPU.ActiveCfg = Debug|Any CPU
		{3DAB19D9-08A5-44B2-82C4-1E2DB087AAC4}.Debug|Any CPU.Build.0 = Debug|Any CPU
		{3DAB19D9-08A5-44B2-82C4-1E2DB087AAC4}.Release|Any CPU.ActiveCfg = Release|Any CPU
		{3DAB19D9-08A5-44B2-82C4-1E2DB087AAC4}.Release|Any CPU.Build.0 = Release|Any CPU
		{536AEF11-D57C-497F-998C-98FDFAF62002}.Debug|Any CPU.ActiveCfg = Debug|Any CPU
		{536AEF11-D57C-497F-998C-98FDFAF62002}.Debug|Any CPU.Build.0 = Debug|Any CPU
		{536AEF11-D57C-497F-998C-98FDFAF62002}.Release|Any CPU.ActiveCfg = Release|Any CPU
		{536AEF11-D57C-497F-998C-98FDFAF62002}.Release|Any CPU.Build.0 = Release|Any CPU
		{EEA9D262-3868-44DD-B31B-7D578527F94C}.Debug|Any CPU.ActiveCfg = Debug|Any CPU
		{EEA9D262-3868-44DD-B31B-7D578527F94C}.Debug|Any CPU.Build.0 = Debug|Any CPU
		{EEA9D262-3868-44DD-B31B-7D578527F94C}.Release|Any CPU.ActiveCfg = Release|Any CPU
		{EEA9D262-3868-44DD-B31B-7D578527F94C}.Release|Any CPU.Build.0 = Release|Any CPU
		{46BE7F8F-D593-4ED5-BF14-D7932DBC928A}.Debug|Any CPU.ActiveCfg = Debug|Any CPU
		{46BE7F8F-D593-4ED5-BF14-D7932DBC928A}.Debug|Any CPU.Build.0 = Debug|Any CPU
		{46BE7F8F-D593-4ED5-BF14-D7932DBC928A}.Release|Any CPU.ActiveCfg = Release|Any CPU
		{46BE7F8F-D593-4ED5-BF14-D7932DBC928A}.Release|Any CPU.Build.0 = Release|Any CPU
	EndGlobalSection
	GlobalSection(SolutionProperties) = preSolution
		HideSolutionNode = FALSE
	EndGlobalSection
	GlobalSection(ExtensibilityGlobals) = postSolution
		SolutionGuid = {D7AE84BA-AD90-400A-B479-E544E8903768}
	EndGlobalSection
EndGlobal
