
Microsoft Visual Studio Solution File, Format Version 12.00
# Visual Studio Version 17
VisualStudioVersion = 17.7.34031.279
MinimumVisualStudioVersion = 10.0.40219.1
Project("{FAE04EC0-301F-11D3-BF4B-00C04F79EFBC}") = "GuineaPig", "GuineaPig\GuineaPig.csproj", "{CE3875AA-F1AA-4A13-85D6-F42BBB787B66}"
EndProject
Project("{FAE04EC0-301F-11D3-BF4B-00C04F79EFBC}") = "TheLift", "TheLift\TheLift.csproj", "{3CCFC890-B7B1-4187-9F95-63FE83947B14}"
EndProject
Project("{FAE04EC0-301F-11D3-BF4B-00C04F79EFBC}") = "MovingTarget", "MovingTarget\MovingTarget.csproj", "{622F71DF-30F3-41BA-A14E-97FF84934887}"
EndProject
Project("{FAE04EC0-301F-11D3-BF4B-00C04F79EFBC}") = "ComputerStore", "ComputerStore\ComputerStore.csproj", "{44485FBB-0E51-48B9-AD6B-56EDEAF6C613}"
EndProject
Project("{FAE04EC0-301F-11D3-BF4B-00C04F79EFBC}") = "ShootForTheWin", "ShootForTheWin\ShootForTheWin.csproj", "{BEEF6064-2918-4413-AD7E-FD2B4DAACD21}"
EndProject
Project("{FAE04EC0-301F-11D3-BF4B-00C04F79EFBC}") = "Counter-Strike", "Counter-Strike\Counter-Strike.csproj", "{E4325995-30C3-406D-A055-3AB5356DEA48}"
EndProject
Project("{FAE04EC0-301F-11D3-BF4B-00C04F79EFBC}") = "MemoryGame", "MemoryGame\MemoryGame.csproj", "{CC11E65D-3704-45CA-9AA4-23923B647C4E}"
EndProject
Project("{FAE04EC0-301F-11D3-BF4B-00C04F79EFBC}") = "SoftUniReception", "SoftUniReception\SoftUniReception.csproj", "{E44DECD4-F34C-4945-81FA-0C5D9DF4DAB7}"
EndProject
Project("{FAE04EC0-301F-11D3-BF4B-00C04F79EFBC}") = "ArrayModifier", "ArrayModifier\ArrayModifier.csproj", "{DD9935AF-CE8D-45A9-9A25-C85EDB8AACDA}"
EndProject
Global
	GlobalSection(SolutionConfigurationPlatforms) = preSolution
		Debug|Any CPU = Debug|Any CPU
		Release|Any CPU = Release|Any CPU
	EndGlobalSection
	GlobalSection(ProjectConfigurationPlatforms) = postSolution
		{CE3875AA-F1AA-4A13-85D6-F42BBB787B66}.Debug|Any CPU.ActiveCfg = Debug|Any CPU
		{CE3875AA-F1AA-4A13-85D6-F42BBB787B66}.Debug|Any CPU.Build.0 = Debug|Any CPU
		{CE3875AA-F1AA-4A13-85D6-F42BBB787B66}.Release|Any CPU.ActiveCfg = Release|Any CPU
		{CE3875AA-F1AA-4A13-85D6-F42BBB787B66}.Release|Any CPU.Build.0 = Release|Any CPU
		{3CCFC890-B7B1-4187-9F95-63FE83947B14}.Debug|Any CPU.ActiveCfg = Debug|Any CPU
		{3CCFC890-B7B1-4187-9F95-63FE83947B14}.Debug|Any CPU.Build.0 = Debug|Any CPU
		{3CCFC890-B7B1-4187-9F95-63FE83947B14}.Release|Any CPU.ActiveCfg = Release|Any CPU
		{3CCFC890-B7B1-4187-9F95-63FE83947B14}.Release|Any CPU.Build.0 = Release|Any CPU
		{622F71DF-30F3-41BA-A14E-97FF84934887}.Debug|Any CPU.ActiveCfg = Debug|Any CPU
		{622F71DF-30F3-41BA-A14E-97FF84934887}.Debug|Any CPU.Build.0 = Debug|Any CPU
		{622F71DF-30F3-41BA-A14E-97FF84934887}.Release|Any CPU.ActiveCfg = Release|Any CPU
		{622F71DF-30F3-41BA-A14E-97FF84934887}.Release|Any CPU.Build.0 = Release|Any CPU
		{44485FBB-0E51-48B9-AD6B-56EDEAF6C613}.Debug|Any CPU.ActiveCfg = Debug|Any CPU
		{44485FBB-0E51-48B9-AD6B-56EDEAF6C613}.Debug|Any CPU.Build.0 = Debug|Any CPU
		{44485FBB-0E51-48B9-AD6B-56EDEAF6C613}.Release|Any CPU.ActiveCfg = Release|Any CPU
		{44485FBB-0E51-48B9-AD6B-56EDEAF6C613}.Release|Any CPU.Build.0 = Release|Any CPU
		{BEEF6064-2918-4413-AD7E-FD2B4DAACD21}.Debug|Any CPU.ActiveCfg = Debug|Any CPU
		{BEEF6064-2918-4413-AD7E-FD2B4DAACD21}.Debug|Any CPU.Build.0 = Debug|Any CPU
		{BEEF6064-2918-4413-AD7E-FD2B4DAACD21}.Release|Any CPU.ActiveCfg = Release|Any CPU
		{BEEF6064-2918-4413-AD7E-FD2B4DAACD21}.Release|Any CPU.Build.0 = Release|Any CPU
		{E4325995-30C3-406D-A055-3AB5356DEA48}.Debug|Any CPU.ActiveCfg = Debug|Any CPU
		{E4325995-30C3-406D-A055-3AB5356DEA48}.Debug|Any CPU.Build.0 = Debug|Any CPU
		{E4325995-30C3-406D-A055-3AB5356DEA48}.Release|Any CPU.ActiveCfg = Release|Any CPU
		{E4325995-30C3-406D-A055-3AB5356DEA48}.Release|Any CPU.Build.0 = Release|Any CPU
		{CC11E65D-3704-45CA-9AA4-23923B647C4E}.Debug|Any CPU.ActiveCfg = Debug|Any CPU
		{CC11E65D-3704-45CA-9AA4-23923B647C4E}.Debug|Any CPU.Build.0 = Debug|Any CPU
		{CC11E65D-3704-45CA-9AA4-23923B647C4E}.Release|Any CPU.ActiveCfg = Release|Any CPU
		{CC11E65D-3704-45CA-9AA4-23923B647C4E}.Release|Any CPU.Build.0 = Release|Any CPU
		{E44DECD4-F34C-4945-81FA-0C5D9DF4DAB7}.Debug|Any CPU.ActiveCfg = Debug|Any CPU
		{E44DECD4-F34C-4945-81FA-0C5D9DF4DAB7}.Debug|Any CPU.Build.0 = Debug|Any CPU
		{E44DECD4-F34C-4945-81FA-0C5D9DF4DAB7}.Release|Any CPU.ActiveCfg = Release|Any CPU
		{E44DECD4-F34C-4945-81FA-0C5D9DF4DAB7}.Release|Any CPU.Build.0 = Release|Any CPU
		{DD9935AF-CE8D-45A9-9A25-C85EDB8AACDA}.Debug|Any CPU.ActiveCfg = Debug|Any CPU
		{DD9935AF-CE8D-45A9-9A25-C85EDB8AACDA}.Debug|Any CPU.Build.0 = Debug|Any CPU
		{DD9935AF-CE8D-45A9-9A25-C85EDB8AACDA}.Release|Any CPU.ActiveCfg = Release|Any CPU
		{DD9935AF-CE8D-45A9-9A25-C85EDB8AACDA}.Release|Any CPU.Build.0 = Release|Any CPU
	EndGlobalSection
	GlobalSection(SolutionProperties) = preSolution
		HideSolutionNode = FALSE
	EndGlobalSection
	GlobalSection(ExtensibilityGlobals) = postSolution
		SolutionGuid = {E6D99F49-4D97-47A3-982D-9F51727310B0}
	EndGlobalSection
EndGlobal
