
Microsoft Visual Studio Solution File, Format Version 12.00
# Visual Studio Version 17
VisualStudioVersion = 17.8.34316.72
MinimumVisualStudioVersion = 10.0.40219.1
Project("{FAE04EC0-301F-11D3-BF4B-00C04F79EFBC}") = "SecretChat", "SecretChat\SecretChat.csproj", "{7E5988A7-B849-481F-9B60-6336A652BF20}"
EndProject
Project("{FAE04EC0-301F-11D3-BF4B-00C04F79EFBC}") = "Fancy Barcodes", "Fancy Barcodes\Fancy Barcodes.csproj", "{3CE2E10D-C6CB-48D3-8F18-F256214CDC6C}"
EndProject
Project("{FAE04EC0-301F-11D3-BF4B-00C04F79EFBC}") = "P!rates", "P!rates\P!rates.csproj", "{2C311FBF-F5E2-46DD-9E61-2F29B8507CBB}"
EndProject
Project("{FAE04EC0-301F-11D3-BF4B-00C04F79EFBC}") = "ActivationKeys", "ActivationKeys\ActivationKeys.csproj", "{27516E04-2516-4A29-A0B2-E139BDFC8639}"
EndProject
Project("{FAE04EC0-301F-11D3-BF4B-00C04F79EFBC}") = "EmojiDetector", "EmojiDetector\EmojiDetector.csproj", "{9BE86519-317B-4085-88FC-172F0AAE349F}"
EndProject
Project("{FAE04EC0-301F-11D3-BF4B-00C04F79EFBC}") = "HeroesOfCodeAndLogicVII", "HeroesOfCodeAndLogicVII\HeroesOfCodeAndLogicVII.csproj", "{49428216-2BD6-4047-9536-71055046FFC4}"
EndProject
Project("{FAE04EC0-301F-11D3-BF4B-00C04F79EFBC}") = "PasswordReset", "PasswordReset\PasswordReset.csproj", "{EFCD2337-2D6F-4665-8DD8-C4151C5CE3AC}"
EndProject
Project("{FAE04EC0-301F-11D3-BF4B-00C04F79EFBC}") = "MirrorWords", "MirrorWords\MirrorWords.csproj", "{CFCB8067-1A8B-4CF5-B6ED-4DCB5AEB9E0C}"
EndProject
Global
	GlobalSection(SolutionConfigurationPlatforms) = preSolution
		Debug|Any CPU = Debug|Any CPU
		Release|Any CPU = Release|Any CPU
	EndGlobalSection
	GlobalSection(ProjectConfigurationPlatforms) = postSolution
		{7E5988A7-B849-481F-9B60-6336A652BF20}.Debug|Any CPU.ActiveCfg = Debug|Any CPU
		{7E5988A7-B849-481F-9B60-6336A652BF20}.Debug|Any CPU.Build.0 = Debug|Any CPU
		{7E5988A7-B849-481F-9B60-6336A652BF20}.Release|Any CPU.ActiveCfg = Release|Any CPU
		{7E5988A7-B849-481F-9B60-6336A652BF20}.Release|Any CPU.Build.0 = Release|Any CPU
		{3CE2E10D-C6CB-48D3-8F18-F256214CDC6C}.Debug|Any CPU.ActiveCfg = Debug|Any CPU
		{3CE2E10D-C6CB-48D3-8F18-F256214CDC6C}.Debug|Any CPU.Build.0 = Debug|Any CPU
		{3CE2E10D-C6CB-48D3-8F18-F256214CDC6C}.Release|Any CPU.ActiveCfg = Release|Any CPU
		{3CE2E10D-C6CB-48D3-8F18-F256214CDC6C}.Release|Any CPU.Build.0 = Release|Any CPU
		{2C311FBF-F5E2-46DD-9E61-2F29B8507CBB}.Debug|Any CPU.ActiveCfg = Debug|Any CPU
		{2C311FBF-F5E2-46DD-9E61-2F29B8507CBB}.Debug|Any CPU.Build.0 = Debug|Any CPU
		{2C311FBF-F5E2-46DD-9E61-2F29B8507CBB}.Release|Any CPU.ActiveCfg = Release|Any CPU
		{2C311FBF-F5E2-46DD-9E61-2F29B8507CBB}.Release|Any CPU.Build.0 = Release|Any CPU
		{27516E04-2516-4A29-A0B2-E139BDFC8639}.Debug|Any CPU.ActiveCfg = Debug|Any CPU
		{27516E04-2516-4A29-A0B2-E139BDFC8639}.Debug|Any CPU.Build.0 = Debug|Any CPU
		{27516E04-2516-4A29-A0B2-E139BDFC8639}.Release|Any CPU.ActiveCfg = Release|Any CPU
		{27516E04-2516-4A29-A0B2-E139BDFC8639}.Release|Any CPU.Build.0 = Release|Any CPU
		{9BE86519-317B-4085-88FC-172F0AAE349F}.Debug|Any CPU.ActiveCfg = Debug|Any CPU
		{9BE86519-317B-4085-88FC-172F0AAE349F}.Debug|Any CPU.Build.0 = Debug|Any CPU
		{9BE86519-317B-4085-88FC-172F0AAE349F}.Release|Any CPU.ActiveCfg = Release|Any CPU
		{9BE86519-317B-4085-88FC-172F0AAE349F}.Release|Any CPU.Build.0 = Release|Any CPU
		{49428216-2BD6-4047-9536-71055046FFC4}.Debug|Any CPU.ActiveCfg = Debug|Any CPU
		{49428216-2BD6-4047-9536-71055046FFC4}.Debug|Any CPU.Build.0 = Debug|Any CPU
		{49428216-2BD6-4047-9536-71055046FFC4}.Release|Any CPU.ActiveCfg = Release|Any CPU
		{49428216-2BD6-4047-9536-71055046FFC4}.Release|Any CPU.Build.0 = Release|Any CPU
		{EFCD2337-2D6F-4665-8DD8-C4151C5CE3AC}.Debug|Any CPU.ActiveCfg = Debug|Any CPU
		{EFCD2337-2D6F-4665-8DD8-C4151C5CE3AC}.Debug|Any CPU.Build.0 = Debug|Any CPU
		{EFCD2337-2D6F-4665-8DD8-C4151C5CE3AC}.Release|Any CPU.ActiveCfg = Release|Any CPU
		{EFCD2337-2D6F-4665-8DD8-C4151C5CE3AC}.Release|Any CPU.Build.0 = Release|Any CPU
		{CFCB8067-1A8B-4CF5-B6ED-4DCB5AEB9E0C}.Debug|Any CPU.ActiveCfg = Debug|Any CPU
		{CFCB8067-1A8B-4CF5-B6ED-4DCB5AEB9E0C}.Debug|Any CPU.Build.0 = Debug|Any CPU
		{CFCB8067-1A8B-4CF5-B6ED-4DCB5AEB9E0C}.Release|Any CPU.ActiveCfg = Release|Any CPU
		{CFCB8067-1A8B-4CF5-B6ED-4DCB5AEB9E0C}.Release|Any CPU.Build.0 = Release|Any CPU
	EndGlobalSection
	GlobalSection(SolutionProperties) = preSolution
		HideSolutionNode = FALSE
	EndGlobalSection
	GlobalSection(ExtensibilityGlobals) = postSolution
		SolutionGuid = {6795CF2C-36CE-4C4D-8177-8AAE3D5AACFC}
	EndGlobalSection
EndGlobal
